// !$*UTF8*$!
{
	archiveVersion = 1;
	classes = {
	};
	objectVersion = 54;
	objects = {

/* Begin PBXBuildFile section */
		A00000000000000000000030 /* TraiceMenuBar.swift in Sources */ = {isa = PBXBuildFile; fileRef = A00000000000000000000020 /* TraiceMenuBar.swift */; };
		A00000000000000000000031 /* CodexUsageModels.swift in Sources */ = {isa = PBXBuildFile; fileRef = A00000000000000000000022 /* CodexUsageModels.swift */; };
		A00000000000000000000032 /* CodexUsageFormatting.swift in Sources */ = {isa = PBXBuildFile; fileRef = A00000000000000000000023 /* CodexUsageFormatting.swift */; };
		A00000000000000000000033 /* CodexUsageClient.swift in Sources */ = {isa = PBXBuildFile; fileRef = A00000000000000000000024 /* CodexUsageClient.swift */; };
		A00000000000000000000034 /* TraiceWidget.swift in Sources */ = {isa = PBXBuildFile; fileRef = A00000000000000000000021 /* TraiceWidget.swift */; };
		A00000000000000000000035 /* CodexUsageModels.swift in Sources */ = {isa = PBXBuildFile; fileRef = A00000000000000000000022 /* CodexUsageModels.swift */; };
		A00000000000000000000036 /* CodexUsageFormatting.swift in Sources */ = {isa = PBXBuildFile; fileRef = A00000000000000000000023 /* CodexUsageFormatting.swift */; };
		A00000000000000000000037 /* CodexUsageClient.swift in Sources */ = {isa = PBXBuildFile; fileRef = A00000000000000000000024 /* CodexUsageClient.swift */; };
		A00000000000000000000038 /* Cocoa.framework in Frameworks */ = {isa = PBXBuildFile; fileRef = A00000000000000000000027 /* Cocoa.framework */; };
		A00000000000000000000039 /* SwiftUI.framework in Frameworks */ = {isa = PBXBuildFile; fileRef = A00000000000000000000028 /* SwiftUI.framework */; };
		A0000000000000000000003A /* WidgetKit.framework in Frameworks */ = {isa = PBXBuildFile; fileRef = A00000000000000000000029 /* WidgetKit.framework */; };
		A0000000000000000000003B /* Traice Widget.appex in Embed App Extensions */ = {isa = PBXBuildFile; fileRef = A00000000000000000000007 /* Traice Widget.appex */; settings = {ATTRIBUTES = (RemoveHeadersOnCopy, ); }; };
		A0000000000000000000003E /* Assets.xcassets in Resources */ = {isa = PBXBuildFile; fileRef = A0000000000000000000002A /* Assets.xcassets */; };
		B00000000000000000000001 /* CodexUsageFormattingTests.swift in Sources */ = {isa = PBXBuildFile; fileRef = B00000000000000000000002 /* CodexUsageFormattingTests.swift */; };
		B00000000000000000000003 /* CodexUsageModels.swift in Sources */ = {isa = PBXBuildFile; fileRef = A00000000000000000000022 /* CodexUsageModels.swift */; };
		B00000000000000000000004 /* CodexUsageFormatting.swift in Sources */ = {isa = PBXBuildFile; fileRef = A00000000000000000000023 /* CodexUsageFormatting.swift */; };
		B00000000000000000000005 /* XCTest.framework in Frameworks */ = {isa = PBXBuildFile; fileRef = B00000000000000000000006 /* XCTest.framework */; };
/* End PBXBuildFile section */

/* Begin PBXContainerItemProxy section */
		A0000000000000000000003D /* PBXContainerItemProxy */ = {
			isa = PBXContainerItemProxy;
			containerPortal = A00000000000000000000003 /* Project object */;
			proxyType = 1;
			remoteGlobalIDString = A00000000000000000000005;
			remoteInfo = "Traice Widget";
		};
/* End PBXContainerItemProxy section */

/* Begin PBXCopyFilesBuildPhase section */
		A0000000000000000000000B /* Embed App Extensions */ = {
			isa = PBXCopyFilesBuildPhase;
			buildActionMask = 2147483647;
			dstPath = "";
			dstSubfolderSpec = 13;
			files = (
				A0000000000000000000003B /* Traice Widget.appex in Embed App Extensions */,
			);
			name = "Embed App Extensions";
			runOnlyForDeploymentPostprocessing = 0;
		};
/* End PBXCopyFilesBuildPhase section */

/* Begin PBXFileReference section */
		A00000000000000000000006 /* Traice.app */ = {isa = PBXFileReference; explicitFileType = wrapper.application; includeInIndex = 0; path = "Traice.app"; sourceTree = BUILT_PRODUCTS_DIR; };
		A00000000000000000000007 /* Traice Widget.appex */ = {isa = PBXFileReference; explicitFileType = "wrapper.app-extension"; includeInIndex = 0; path = "Traice Widget.appex"; sourceTree = BUILT_PRODUCTS_DIR; };
		A00000000000000000000020 /* TraiceMenuBar.swift */ = {isa = PBXFileReference; lastKnownFileType = sourcecode.swift; path = TraiceMenuBar.swift; sourceTree = "<group>"; };
		A00000000000000000000021 /* TraiceWidget.swift */ = {isa = PBXFileReference; lastKnownFileType = sourcecode.swift; path = TraiceWidget.swift; sourceTree = "<group>"; };
		A00000000000000000000022 /* CodexUsageModels.swift */ = {isa = PBXFileReference; lastKnownFileType = sourcecode.swift; path = CodexUsageModels.swift; sourceTree = "<group>"; };
		A00000000000000000000023 /* CodexUsageFormatting.swift */ = {isa = PBXFileReference; lastKnownFileType = sourcecode.swift; path = CodexUsageFormatting.swift; sourceTree = "<group>"; };
		A00000000000000000000024 /* CodexUsageClient.swift */ = {isa = PBXFileReference; lastKnownFileType = sourcecode.swift; path = CodexUsageClient.swift; sourceTree = "<group>"; };
		A00000000000000000000025 /* Info.plist */ = {isa = PBXFileReference; lastKnownFileType = text.plist.xml; path = Info.plist; sourceTree = "<group>"; };
		A00000000000000000000026 /* Info.plist */ = {isa = PBXFileReference; lastKnownFileType = text.plist.xml; path = Info.plist; sourceTree = "<group>"; };
		A00000000000000000000027 /* Cocoa.framework */ = {isa = PBXFileReference; lastKnownFileType = wrapper.framework; name = Cocoa.framework; path = System/Library/Frameworks/Cocoa.framework; sourceTree = SDKROOT; };
		A00000000000000000000028 /* SwiftUI.framework */ = {isa = PBXFileReference; lastKnownFileType = wrapper.framework; name = SwiftUI.framework; path = System/Library/Frameworks/SwiftUI.framework; sourceTree = SDKROOT; };
		A00000000000000000000029 /* WidgetKit.framework */ = {isa = PBXFileReference; lastKnownFileType = wrapper.framework; name = WidgetKit.framework; path = System/Library/Frameworks/WidgetKit.framework; sourceTree = SDKROOT; };
		A0000000000000000000002A /* Assets.xcassets */ = {isa = PBXFileReference; lastKnownFileType = folder.assetcatalog; path = Assets.xcassets; sourceTree = "<group>"; };
		A0000000000000000000002B /* TraiceWidget.entitlements */ = {isa = PBXFileReference; lastKnownFileType = text.plist.entitlements; path = TraiceWidget.entitlements; sourceTree = "<group>"; };
		B00000000000000000000002 /* CodexUsageFormattingTests.swift */ = {isa = PBXFileReference; lastKnownFileType = sourcecode.swift; path = CodexUsageFormattingTests.swift; sourceTree = "<group>"; };
		B00000000000000000000006 /* XCTest.framework */ = {isa = PBXFileReference; lastKnownFileType = wrapper.framework; name = XCTest.framework; path = Platforms/MacOSX.platform/Developer/Library/Frameworks/XCTest.framework; sourceTree = DEVELOPER_DIR; };
		B00000000000000000000007 /* Traice Tests.xctest */ = {isa = PBXFileReference; explicitFileType = wrapper.cfbundle; includeInIndex = 0; path = "Traice Tests.xctest"; sourceTree = BUILT_PRODUCTS_DIR; };
/* End PBXFileReference section */

/* Begin PBXFrameworksBuildPhase section */
		A00000000000000000000009 /* Frameworks */ = {
			isa = PBXFrameworksBuildPhase;
			buildActionMask = 2147483647;
			files = (
				A00000000000000000000038 /* Cocoa.framework in Frameworks */,
			);
			runOnlyForDeploymentPostprocessing = 0;
		};
		A0000000000000000000000D /* Frameworks */ = {
			isa = PBXFrameworksBuildPhase;
			buildActionMask = 2147483647;
			files = (
				A00000000000000000000039 /* SwiftUI.framework in Frameworks */,
				A0000000000000000000003A /* WidgetKit.framework in Frameworks */,
			);
			runOnlyForDeploymentPostprocessing = 0;
		};
		B00000000000000000000008 /* Frameworks */ = {
			isa = PBXFrameworksBuildPhase;
			buildActionMask = 2147483647;
			files = (
				B00000000000000000000005 /* XCTest.framework in Frameworks */,
			);
			runOnlyForDeploymentPostprocessing = 0;
		};
/* End PBXFrameworksBuildPhase section */

/* Begin PBXGroup section */
		A00000000000000000000001 = {
			isa = PBXGroup;
			children = (
				A00000000000000000000018 /* TraiceApp */,
				A00000000000000000000019 /* TraiceShared */,
				A0000000000000000000001A /* TraiceWidget */,
				B00000000000000000000009 /* TraiceSharedTests */,
				A0000000000000000000001B /* Frameworks */,
				A00000000000000000000002 /* Products */,
			);
			sourceTree = "<group>";
		};
		A00000000000000000000002 /* Products */ = {
			isa = PBXGroup;
			children = (
				A00000000000000000000006 /* Traice.app */,
				A00000000000000000000007 /* Traice Widget.appex */,
				B00000000000000000000007 /* Traice Tests.xctest */,
			);
			name = Products;
			sourceTree = "<group>";
		};
		A00000000000000000000018 /* TraiceApp */ = {
			isa = PBXGroup;
			children = (
				A00000000000000000000020 /* TraiceMenuBar.swift */,
				A00000000000000000000025 /* Info.plist */,
			);
			name = TraiceApp;
			path = Sources/TraiceApp;
			sourceTree = "<group>";
		};
		A00000000000000000000019 /* TraiceShared */ = {
			isa = PBXGroup;
			children = (
				A00000000000000000000022 /* CodexUsageModels.swift */,
				A00000000000000000000023 /* CodexUsageFormatting.swift */,
				A00000000000000000000024 /* CodexUsageClient.swift */,
			);
			name = TraiceShared;
			path = Sources/TraiceShared;
			sourceTree = "<group>";
		};
		A0000000000000000000001A /* TraiceWidget */ = {
			isa = PBXGroup;
			children = (
				A00000000000000000000021 /* TraiceWidget.swift */,
				A00000000000000000000026 /* Info.plist */,
				A0000000000000000000002B /* TraiceWidget.entitlements */,
				A0000000000000000000002A /* Assets.xcassets */,
			);
			name = TraiceWidget;
			path = Sources/TraiceWidget;
			sourceTree = "<group>";
		};
		B00000000000000000000009 /* TraiceSharedTests */ = {
			isa = PBXGroup;
			children = (
				B00000000000000000000002 /* CodexUsageFormattingTests.swift */,
			);
			name = TraiceSharedTests;
			path = Tests/TraiceSharedTests;
			sourceTree = "<group>";
		};
		A0000000000000000000001B /* Frameworks */ = {
			isa = PBXGroup;
			children = (
				A00000000000000000000027 /* Cocoa.framework */,
				A00000000000000000000028 /* SwiftUI.framework */,
				A00000000000000000000029 /* WidgetKit.framework */,
				B00000000000000000000006 /* XCTest.framework */,
			);
			name = Frameworks;
			sourceTree = "<group>";
		};
/* End PBXGroup section */

/* Begin PBXNativeTarget section */
		A00000000000000000000004 /* Traice */ = {
			isa = PBXNativeTarget;
			buildConfigurationList = A0000000000000000000000F /* Build configuration list for PBXNativeTarget "Traice" */;
			buildPhases = (
				A00000000000000000000008 /* Sources */,
				A00000000000000000000009 /* Frameworks */,
				A0000000000000000000000A /* Resources */,
				A0000000000000000000000B /* Embed App Extensions */,
			);
			buildRules = (
			);
			dependencies = (
				A0000000000000000000003C /* PBXTargetDependency */,
			);
			name = "Traice";
			productName = "Traice";
			productReference = A00000000000000000000006 /* Traice.app */;
			productType = "com.apple.product-type.application";
		};
		A00000000000000000000005 /* Traice Widget */ = {
			isa = PBXNativeTarget;
			buildConfigurationList = A00000000000000000000012 /* Build configuration list for PBXNativeTarget "Traice Widget" */;
			buildPhases = (
				A0000000000000000000000C /* Sources */,
				A0000000000000000000000D /* Frameworks */,
				A0000000000000000000000E /* Resources */,
			);
			buildRules = (
			);
			dependencies = (
			);
			name = "Traice Widget";
			productName = "Traice Widget";
			productReference = A00000000000000000000007 /* Traice Widget.appex */;
			productType = "com.apple.product-type.app-extension";
		};
		B0000000000000000000000A /* Traice Tests */ = {
			isa = PBXNativeTarget;
			buildConfigurationList = B0000000000000000000000B /* Build configuration list for PBXNativeTarget "Traice Tests" */;
			buildPhases = (
				B0000000000000000000000C /* Sources */,
				B00000000000000000000008 /* Frameworks */,
				B0000000000000000000000D /* Resources */,
			);
			buildRules = (
			);
			dependencies = (
			);
			name = "Traice Tests";
			productName = "Traice Tests";
			productReference = B00000000000000000000007 /* Traice Tests.xctest */;
			productType = "com.apple.product-type.bundle.unit-test";
		};
/* End PBXNativeTarget section */

/* Begin PBXProject section */
		A00000000000000000000003 /* Project object */ = {
			isa = PBXProject;
			attributes = {
				BuildIndependentTargetsInParallel = 1;
				LastUpgradeCheck = 2650;
				TargetAttributes = {
					A00000000000000000000004 = {
						CreatedOnToolsVersion = 26.5;
						LastSwiftMigration = 2650;
					};
					A00000000000000000000005 = {
						CreatedOnToolsVersion = 26.5;
						LastSwiftMigration = 2650;
					};
					B0000000000000000000000A = {
						CreatedOnToolsVersion = 26.5;
						LastSwiftMigration = 2650;
					};
				};
			};
			buildConfigurationList = A00000000000000000000015 /* Build configuration list for PBXProject "Traice" */;
			compatibilityVersion = "Xcode 14.0";
			developmentRegion = en;
			hasScannedForEncodings = 0;
			knownRegions = (
				en,
				Base,
			);
			mainGroup = A00000000000000000000001;
			productRefGroup = A00000000000000000000002 /* Products */;
			projectDirPath = "";
			projectRoot = "";
			targets = (
				A00000000000000000000004 /* Traice */,
				A00000000000000000000005 /* Traice Widget */,
				B0000000000000000000000A /* Traice Tests */,
			);
		};
/* End PBXProject section */

/* Begin PBXResourcesBuildPhase section */
		A0000000000000000000000A /* Resources */ = {
			isa = PBXResourcesBuildPhase;
			buildActionMask = 2147483647;
			files = (
			);
			runOnlyForDeploymentPostprocessing = 0;
		};
		A0000000000000000000000E /* Resources */ = {
			isa = PBXResourcesBuildPhase;
			buildActionMask = 2147483647;
			files = (
				A0000000000000000000003E /* Assets.xcassets in Resources */,
			);
			runOnlyForDeploymentPostprocessing = 0;
		};
		B0000000000000000000000D /* Resources */ = {
			isa = PBXResourcesBuildPhase;
			buildActionMask = 2147483647;
			files = (
			);
			runOnlyForDeploymentPostprocessing = 0;
		};
/* End PBXResourcesBuildPhase section */

/* Begin PBXSourcesBuildPhase section */
		A00000000000000000000008 /* Sources */ = {
			isa = PBXSourcesBuildPhase;
			buildActionMask = 2147483647;
			files = (
				A00000000000000000000031 /* CodexUsageModels.swift in Sources */,
				A00000000000000000000032 /* CodexUsageFormatting.swift in Sources */,
				A00000000000000000000033 /* CodexUsageClient.swift in Sources */,
				A00000000000000000000030 /* TraiceMenuBar.swift in Sources */,
			);
			runOnlyForDeploymentPostprocessing = 0;
		};
		A0000000000000000000000C /* Sources */ = {
			isa = PBXSourcesBuildPhase;
			buildActionMask = 2147483647;
			files = (
				A00000000000000000000035 /* CodexUsageModels.swift in Sources */,
				A00000000000000000000036 /* CodexUsageFormatting.swift in Sources */,
				A00000000000000000000037 /* CodexUsageClient.swift in Sources */,
				A00000000000000000000034 /* TraiceWidget.swift in Sources */,
			);
			runOnlyForDeploymentPostprocessing = 0;
		};
		B0000000000000000000000C /* Sources */ = {
			isa = PBXSourcesBuildPhase;
			buildActionMask = 2147483647;
			files = (
				B00000000000000000000003 /* CodexUsageModels.swift in Sources */,
				B00000000000000000000004 /* CodexUsageFormatting.swift in Sources */,
				B00000000000000000000001 /* CodexUsageFormattingTests.swift in Sources */,
			);
			runOnlyForDeploymentPostprocessing = 0;
		};
/* End PBXSourcesBuildPhase section */

/* Begin PBXTargetDependency section */
		A0000000000000000000003C /* PBXTargetDependency */ = {
			isa = PBXTargetDependency;
			target = A00000000000000000000005 /* Traice Widget */;
			targetProxy = A0000000000000000000003D /* PBXContainerItemProxy */;
		};
/* End PBXTargetDependency section */

/* Begin XCBuildConfiguration section */
		A00000000000000000000010 /* Debug */ = {
			isa = XCBuildConfiguration;
			buildSettings = {
				CODE_SIGN_IDENTITY = "-";
				CODE_SIGN_STYLE = Manual;
				TRAICE_APP_BUNDLE_ID = "com.juicecolored.traice";
				TRAICE_WIDGET_BUNDLE_ID = "com.juicecolored.traice.widget";
				COMBINE_HIDPI_IMAGES = YES;
				CURRENT_PROJECT_VERSION = 1;
				DEVELOPMENT_TEAM = "";
				GENERATE_INFOPLIST_FILE = NO;
				INFOPLIST_FILE = Sources/TraiceApp/Info.plist;
				LD_RUNPATH_SEARCH_PATHS = (
					"$(inherited)",
					"@executable_path/../Frameworks",
					"@loader_path/../Frameworks",
					"@executable_path/../PlugIns",
				);
				MARKETING_VERSION = 1.0.0;
				PRODUCT_BUNDLE_IDENTIFIER = "$(TRAICE_APP_BUNDLE_ID)";
				PRODUCT_NAME = "Traice";
				PROVISIONING_PROFILE_SPECIFIER = "";
				SKIP_INSTALL = NO;
				SUPPORTED_PLATFORMS = macosx;
				SWIFT_EMIT_LOC_STRINGS = YES;
			};
			name = Debug;
		};
		A00000000000000000000011 /* Release */ = {
			isa = XCBuildConfiguration;
			buildSettings = {
				CODE_SIGN_IDENTITY = "-";
				CODE_SIGN_STYLE = Manual;
				TRAICE_APP_BUNDLE_ID = "com.juicecolored.traice";
				TRAICE_WIDGET_BUNDLE_ID = "com.juicecolored.traice.widget";
				COMBINE_HIDPI_IMAGES = YES;
				CURRENT_PROJECT_VERSION = 1;
				DEVELOPMENT_TEAM = "";
				GENERATE_INFOPLIST_FILE = NO;
				INFOPLIST_FILE = Sources/TraiceApp/Info.plist;
				LD_RUNPATH_SEARCH_PATHS = (
					"$(inherited)",
					"@executable_path/../Frameworks",
					"@loader_path/../Frameworks",
					"@executable_path/../PlugIns",
				);
				MARKETING_VERSION = 1.0.0;
				PRODUCT_BUNDLE_IDENTIFIER = "$(TRAICE_APP_BUNDLE_ID)";
				PRODUCT_NAME = "Traice";
				PROVISIONING_PROFILE_SPECIFIER = "";
				SKIP_INSTALL = NO;
				SUPPORTED_PLATFORMS = macosx;
				SWIFT_EMIT_LOC_STRINGS = YES;
			};
			name = Release;
		};
		A00000000000000000000013 /* Debug */ = {
			isa = XCBuildConfiguration;
			buildSettings = {
				APPLICATION_EXTENSION_API_ONLY = YES;
				ASSETCATALOG_COMPILER_GLOBAL_ACCENT_COLOR_NAME = AccentColor;
				ASSETCATALOG_COMPILER_WIDGET_BACKGROUND_COLOR_NAME = WidgetBackground;
				CODE_SIGN_ENTITLEMENTS = Sources/TraiceWidget/TraiceWidget.entitlements;
				CODE_SIGN_IDENTITY = "-";
				CODE_SIGN_STYLE = Manual;
				TRAICE_APP_BUNDLE_ID = "com.juicecolored.traice";
				TRAICE_WIDGET_BUNDLE_ID = "com.juicecolored.traice.widget";
				CURRENT_PROJECT_VERSION = 1;
				DEVELOPMENT_TEAM = "";
				GENERATE_INFOPLIST_FILE = NO;
				INFOPLIST_FILE = Sources/TraiceWidget/Info.plist;
				LD_RUNPATH_SEARCH_PATHS = (
					"$(inherited)",
					"@executable_path/../Frameworks",
					"@executable_path/../../Frameworks",
				);
				MARKETING_VERSION = 1.0.0;
				PRODUCT_BUNDLE_IDENTIFIER = "$(TRAICE_WIDGET_BUNDLE_ID)";
				PRODUCT_NAME = "Traice Widget";
				PROVISIONING_PROFILE_SPECIFIER = "";
				SKIP_INSTALL = YES;
				SUPPORTED_PLATFORMS = macosx;
				SWIFT_EMIT_LOC_STRINGS = YES;
				WRAPPER_EXTENSION = appex;
			};
			name = Debug;
		};
		A00000000000000000000014 /* Release */ = {
			isa = XCBuildConfiguration;
			buildSettings = {
				APPLICATION_EXTENSION_API_ONLY = YES;
				ASSETCATALOG_COMPILER_GLOBAL_ACCENT_COLOR_NAME = AccentColor;
				ASSETCATALOG_COMPILER_WIDGET_BACKGROUND_COLOR_NAME = WidgetBackground;
				CODE_SIGN_ENTITLEMENTS = Sources/TraiceWidget/TraiceWidget.entitlements;
				CODE_SIGN_IDENTITY = "-";
				CODE_SIGN_STYLE = Manual;
				TRAICE_APP_BUNDLE_ID = "com.juicecolored.traice";
				TRAICE_WIDGET_BUNDLE_ID = "com.juicecolored.traice.widget";
				CURRENT_PROJECT_VERSION = 1;
				DEVELOPMENT_TEAM = "";
				GENERATE_INFOPLIST_FILE = NO;
				INFOPLIST_FILE = Sources/TraiceWidget/Info.plist;
				LD_RUNPATH_SEARCH_PATHS = (
					"$(inherited)",
					"@executable_path/../Frameworks",
					"@executable_path/../../Frameworks",
				);
				MARKETING_VERSION = 1.0.0;
				PRODUCT_BUNDLE_IDENTIFIER = "$(TRAICE_WIDGET_BUNDLE_ID)";
				PRODUCT_NAME = "Traice Widget";
				PROVISIONING_PROFILE_SPECIFIER = "";
				SKIP_INSTALL = YES;
				SUPPORTED_PLATFORMS = macosx;
				SWIFT_EMIT_LOC_STRINGS = YES;
				WRAPPER_EXTENSION = appex;
			};
			name = Release;
		};
		A00000000000000000000016 /* Debug */ = {
			isa = XCBuildConfiguration;
			buildSettings = {
				ALWAYS_SEARCH_USER_PATHS = NO;
				CLANG_ANALYZER_NONNULL = YES;
				CLANG_ANALYZER_NUMBER_OBJECT_CONVERSION = YES_AGGRESSIVE;
				CLANG_CXX_LANGUAGE_STANDARD = "gnu++20";
				CLANG_CXX_LIBRARY = "libc++";
				CLANG_ENABLE_MODULES = YES;
				CLANG_ENABLE_OBJC_ARC = YES;
				CLANG_ENABLE_OBJC_WEAK = YES;
				CLANG_WARN_BLOCK_CAPTURE_AUTORELEASING = YES;
				CLANG_WARN_BOOL_CONVERSION = YES;
				CLANG_WARN_COMMA = YES;
				CLANG_WARN_CONSTANT_CONVERSION = YES;
				CLANG_WARN_DEPRECATED_OBJC_IMPLEMENTATIONS = YES;
				CLANG_WARN_DIRECT_OBJC_ISA_USAGE = YES_ERROR;
				CLANG_WARN_DOCUMENTATION_COMMENTS = YES;
				CLANG_WARN_EMPTY_BODY = YES;
				CLANG_WARN_ENUM_CONVERSION = YES;
				CLANG_WARN_INFINITE_RECURSION = YES;
				CLANG_WARN_INT_CONVERSION = YES;
				CLANG_WARN_NON_LITERAL_NULL_CONVERSION = YES;
				CLANG_WARN_OBJC_IMPLICIT_RETAIN_SELF = YES;
				CLANG_WARN_OBJC_LITERAL_CONVERSION = YES;
				CLANG_WARN_OBJC_ROOT_CLASS = YES_ERROR;
				CLANG_WARN_QUOTED_INCLUDE_IN_FRAMEWORK_HEADER = YES;
				CLANG_WARN_RANGE_LOOP_ANALYSIS = YES;
				CLANG_WARN_STRICT_PROTOTYPES = YES;
				CLANG_WARN_SUSPICIOUS_MOVE = YES;
				CLANG_WARN_UNGUARDED_AVAILABILITY = YES_AGGRESSIVE;
				CLANG_WARN_UNREACHABLE_CODE = YES;
				CLANG_WARN__DUPLICATE_METHOD_MATCH = YES;
				COPY_PHASE_STRIP = NO;
				DEBUG_INFORMATION_FORMAT = dwarf;
				ENABLE_STRICT_OBJC_MSGSEND = YES;
				ENABLE_TESTABILITY = YES;
				GCC_C_LANGUAGE_STANDARD = gnu17;
				GCC_DYNAMIC_NO_PIC = NO;
				GCC_NO_COMMON_BLOCKS = YES;
				GCC_OPTIMIZATION_LEVEL = 0;
				GCC_PREPROCESSOR_DEFINITIONS = (
					"DEBUG=1",
					"$(inherited)",
				);
				MACOSX_DEPLOYMENT_TARGET = 14.0;
				MTL_ENABLE_DEBUG_INFO = INCLUDE_SOURCE;
				MTL_FAST_MATH = YES;
				ONLY_ACTIVE_ARCH = YES;
				SDKROOT = macosx;
				SUPPORTED_PLATFORMS = macosx;
				SWIFT_ACTIVE_COMPILATION_CONDITIONS = DEBUG;
				SWIFT_OPTIMIZATION_LEVEL = "-Onone";
				SWIFT_VERSION = 5.0;
			};
			name = Debug;
		};
		A00000000000000000000017 /* Release */ = {
			isa = XCBuildConfiguration;
			buildSettings = {
				ALWAYS_SEARCH_USER_PATHS = NO;
				CLANG_ANALYZER_NONNULL = YES;
				CLANG_ANALYZER_NUMBER_OBJECT_CONVERSION = YES_AGGRESSIVE;
				CLANG_CXX_LANGUAGE_STANDARD = "gnu++20";
				CLANG_CXX_LIBRARY = "libc++";
				CLANG_ENABLE_MODULES = YES;
				CLANG_ENABLE_OBJC_ARC = YES;
				CLANG_ENABLE_OBJC_WEAK = YES;
				CLANG_WARN_BLOCK_CAPTURE_AUTORELEASING = YES;
				CLANG_WARN_BOOL_CONVERSION = YES;
				CLANG_WARN_COMMA = YES;
				CLANG_WARN_CONSTANT_CONVERSION = YES;
				CLANG_WARN_DEPRECATED_OBJC_IMPLEMENTATIONS = YES;
				CLANG_WARN_DIRECT_OBJC_ISA_USAGE = YES_ERROR;
				CLANG_WARN_DOCUMENTATION_COMMENTS = YES;
				CLANG_WARN_EMPTY_BODY = YES;
				CLANG_WARN_ENUM_CONVERSION = YES;
				CLANG_WARN_INFINITE_RECURSION = YES;
				CLANG_WARN_INT_CONVERSION = YES;
				CLANG_WARN_NON_LITERAL_NULL_CONVERSION = YES;
				CLANG_WARN_OBJC_IMPLICIT_RETAIN_SELF = YES;
				CLANG_WARN_OBJC_LITERAL_CONVERSION = YES;
				CLANG_WARN_OBJC_ROOT_CLASS = YES_ERROR;
				CLANG_WARN_QUOTED_INCLUDE_IN_FRAMEWORK_HEADER = YES;
				CLANG_WARN_RANGE_LOOP_ANALYSIS = YES;
				CLANG_WARN_STRICT_PROTOTYPES = YES;
				CLANG_WARN_SUSPICIOUS_MOVE = YES;
				CLANG_WARN_UNGUARDED_AVAILABILITY = YES_AGGRESSIVE;
				CLANG_WARN_UNREACHABLE_CODE = YES;
				CLANG_WARN__DUPLICATE_METHOD_MATCH = YES;
				COPY_PHASE_STRIP = NO;
				DEBUG_INFORMATION_FORMAT = "dwarf-with-dsym";
				ENABLE_NS_ASSERTIONS = NO;
				ENABLE_STRICT_OBJC_MSGSEND = YES;
				GCC_C_LANGUAGE_STANDARD = gnu17;
				GCC_NO_COMMON_BLOCKS = YES;
				MACOSX_DEPLOYMENT_TARGET = 14.0;
				MTL_ENABLE_DEBUG_INFO = NO;
				MTL_FAST_MATH = YES;
				SDKROOT = macosx;
				SUPPORTED_PLATFORMS = macosx;
				SWIFT_COMPILATION_MODE = wholemodule;
				SWIFT_OPTIMIZATION_LEVEL = "-O";
				SWIFT_VERSION = 5.0;
				VALIDATE_PRODUCT = YES;
			};
			name = Release;
		};
		B0000000000000000000000E /* Debug */ = {
			isa = XCBuildConfiguration;
			buildSettings = {
				BUNDLE_LOADER = "";
				CODE_SIGN_IDENTITY = "-";
				CODE_SIGN_STYLE = Manual;
				CURRENT_PROJECT_VERSION = 1;
				DEVELOPMENT_TEAM = "";
				GENERATE_INFOPLIST_FILE = YES;
				MARKETING_VERSION = 1.0.0;
				PRODUCT_BUNDLE_IDENTIFIER = "com.juicecolored.traice.tests";
				PRODUCT_NAME = "Traice Tests";
				PROVISIONING_PROFILE_SPECIFIER = "";
				SKIP_INSTALL = YES;
				SUPPORTED_PLATFORMS = macosx;
				SWIFT_EMIT_LOC_STRINGS = YES;
			};
			name = Debug;
		};
		B0000000000000000000000F /* Release */ = {
			isa = XCBuildConfiguration;
			buildSettings = {
				BUNDLE_LOADER = "";
				CODE_SIGN_IDENTITY = "-";
				CODE_SIGN_STYLE = Manual;
				CURRENT_PROJECT_VERSION = 1;
				DEVELOPMENT_TEAM = "";
				GENERATE_INFOPLIST_FILE = YES;
				MARKETING_VERSION = 1.0.0;
				PRODUCT_BUNDLE_IDENTIFIER = "com.juicecolored.traice.tests";
				PRODUCT_NAME = "Traice Tests";
				PROVISIONING_PROFILE_SPECIFIER = "";
				SKIP_INSTALL = YES;
				SUPPORTED_PLATFORMS = macosx;
				SWIFT_EMIT_LOC_STRINGS = YES;
			};
			name = Release;
		};
/* End XCBuildConfiguration section */

/* Begin XCConfigurationList section */
		A0000000000000000000000F /* Build configuration list for PBXNativeTarget "Traice" */ = {
			isa = XCConfigurationList;
			buildConfigurations = (
				A00000000000000000000010 /* Debug */,
				A00000000000000000000011 /* Release */,
			);
			defaultConfigurationIsVisible = 0;
			defaultConfigurationName = Release;
		};
		A00000000000000000000012 /* Build configuration list for PBXNativeTarget "Traice Widget" */ = {
			isa = XCConfigurationList;
			buildConfigurations = (
				A00000000000000000000013 /* Debug */,
				A00000000000000000000014 /* Release */,
			);
			defaultConfigurationIsVisible = 0;
			defaultConfigurationName = Release;
		};
		A00000000000000000000015 /* Build configuration list for PBXProject "Traice" */ = {
			isa = XCConfigurationList;
			buildConfigurations = (
				A00000000000000000000016 /* Debug */,
				A00000000000000000000017 /* Release */,
			);
			defaultConfigurationIsVisible = 0;
			defaultConfigurationName = Release;
		};
		B0000000000000000000000B /* Build configuration list for PBXNativeTarget "Traice Tests" */ = {
			isa = XCConfigurationList;
			buildConfigurations = (
				B0000000000000000000000E /* Debug */,
				B0000000000000000000000F /* Release */,
			);
			defaultConfigurationIsVisible = 0;
			defaultConfigurationName = Release;
		};
/* End XCConfigurationList section */
	};
	rootObject = A00000000000000000000003 /* Project object */;
}
